
Microsoft Visual Studio Solution File, Format Version 12.00
# Visual Studio Version 17
VisualStudioVersion = 17.0.31903.59
MinimumVisualStudioVersion = 10.0.40219.1
Project("{2150E333-8FDC-42A3-9474-1A3956D46DE8}") = "Src", "Src", "{E917B7AF-0287-4B5C-B2F0-976E56049973}"
EndProject
Project("{2150E333-8FDC-42A3-9474-1A3956D46DE8}") = "Modules", "Modules", "{5FC1C941-F2D9-48A2-95A6-84BD760CBB96}"
EndProject
Project("{2150E333-8FDC-42A3-9474-1A3956D46DE8}") = "Events", "Events", "{9820708B-E637-40D6-B4BD-0704A53A673C}"
EndProject
Project("{9A19103F-16F7-4668-BE54-9A1E7A4F7556}") = "Evently.Modules.Events.Application", "Src\Modules\Events\Evently.Modules.Events.Application\Evently.Modules.Events.Application.csproj", "{33EE22C8-29FC-445D-9EE4-A88DAAC347C6}"
EndProject
Project("{9A19103F-16F7-4668-BE54-9A1E7A4F7556}") = "Evently.Modules.Events.Domain", "Src\Modules\Events\Evently.Modules.Events.Domain\Evently.Modules.Events.Domain.csproj", "{DC31A206-7799-4C93-8CEE-7796BFD8A0A3}"
EndProject
Project("{9A19103F-16F7-4668-BE54-9A1E7A4F7556}") = "Evently.Modules.Events.Infrastructure", "Src\Modules\Events\Evently.Modules.Events.Infrastructure\Evently.Modules.Events.Infrastructure.csproj", "{25B8CE3B-C22E-48DE-BC01-78C5392AD244}"
EndProject
Project("{9A19103F-16F7-4668-BE54-9A1E7A4F7556}") = "Evently.Modules.Events.Presentation", "Src\Modules\Events\Evently.Modules.Events.Presentation\Evently.Modules.Events.Presentation.csproj", "{E0426C97-0E73-48F1-BBB8-8331F04AE02A}"
EndProject
Project("{2150E333-8FDC-42A3-9474-1A3956D46DE8}") = "Commons", "Commons", "{36141F01-6C0B-4C39-87D5-0F0B56B52186}"
EndProject
Project("{9A19103F-16F7-4668-BE54-9A1E7A4F7556}") = "Evently.Commons.Application", "Src\Commons\Evently.Commons.Events.Application\Evently.Commons.Application.csproj", "{28654FF7-955B-4BB0-94CB-46608EF7D508}"
EndProject
Project("{9A19103F-16F7-4668-BE54-9A1E7A4F7556}") = "Evently.Commons.Domain", "Src\Commons\Evently.Commons.Events.Domain\Evently.Commons.Domain.csproj", "{85D69D4A-B81D-466E-829D-3F18D2BA21B0}"
EndProject
Project("{9A19103F-16F7-4668-BE54-9A1E7A4F7556}") = "Evently.Commons.Infrastructure", "Src\Commons\Evently.Commons.Events.Infrastructure\Evently.Commons.Infrastructure.csproj", "{14676910-AAD4-4806-9B50-6272F159694E}"
EndProject
Project("{9A19103F-16F7-4668-BE54-9A1E7A4F7556}") = "Evently.Commons.Presentation", "Src\Commons\Evently.Commons.Events.Presentation\Evently.Commons.Presentation.csproj", "{7CEC5E96-B499-4532-8BC9-BD3DFA576F99}"
EndProject
Project("{2150E333-8FDC-42A3-9474-1A3956D46DE8}") = "Applications", "Applications", "{C850FF89-DFB0-4345-9212-FC0C491EB16E}"
EndProject
Project("{9A19103F-16F7-4668-BE54-9A1E7A4F7556}") = "Evently.Application", "Src\Applications\Evently.Application\Evently.Application.csproj", "{73F53048-F472-43CA-A3CB-C81EDDDB45FF}"
EndProject
Project("{2150E333-8FDC-42A3-9474-1A3956D46DE8}") = "Solution Items", "Solution Items", "{ED06770C-01DA-4D6F-807E-86A784A4F141}"
	ProjectSection(SolutionItems) = preProject
		.editorconfig = .editorconfig
		.gitattributes = .gitattributes
		.gitignore = .gitignore
		Directory.Build.props = Directory.Build.props
	EndProjectSection
EndProject
Global
	GlobalSection(SolutionConfigurationPlatforms) = preSolution
		Debug|Any CPU = Debug|Any CPU
		Release|Any CPU = Release|Any CPU
	EndGlobalSection
	GlobalSection(ProjectConfigurationPlatforms) = postSolution
		{33EE22C8-29FC-445D-9EE4-A88DAAC347C6}.Debug|Any CPU.ActiveCfg = Debug|Any CPU
		{33EE22C8-29FC-445D-9EE4-A88DAAC347C6}.Debug|Any CPU.Build.0 = Debug|Any CPU
		{33EE22C8-29FC-445D-9EE4-A88DAAC347C6}.Release|Any CPU.ActiveCfg = Release|Any CPU
		{33EE22C8-29FC-445D-9EE4-A88DAAC347C6}.Release|Any CPU.Build.0 = Release|Any CPU
		{DC31A206-7799-4C93-8CEE-7796BFD8A0A3}.Debug|Any CPU.ActiveCfg = Debug|Any CPU
		{DC31A206-7799-4C93-8CEE-7796BFD8A0A3}.Debug|Any CPU.Build.0 = Debug|Any CPU
		{DC31A206-7799-4C93-8CEE-7796BFD8A0A3}.Release|Any CPU.ActiveCfg = Release|Any CPU
		{DC31A206-7799-4C93-8CEE-7796BFD8A0A3}.Release|Any CPU.Build.0 = Release|Any CPU
		{25B8CE3B-C22E-48DE-BC01-78C5392AD244}.Debug|Any CPU.ActiveCfg = Debug|Any CPU
		{25B8CE3B-C22E-48DE-BC01-78C5392AD244}.Debug|Any CPU.Build.0 = Debug|Any CPU
		{25B8CE3B-C22E-48DE-BC01-78C5392AD244}.Release|Any CPU.ActiveCfg = Release|Any CPU
		{25B8CE3B-C22E-48DE-BC01-78C5392AD244}.Release|Any CPU.Build.0 = Release|Any CPU
		{E0426C97-0E73-48F1-BBB8-8331F04AE02A}.Debug|Any CPU.ActiveCfg = Debug|Any CPU
		{E0426C97-0E73-48F1-BBB8-8331F04AE02A}.Debug|Any CPU.Build.0 = Debug|Any CPU
		{E0426C97-0E73-48F1-BBB8-8331F04AE02A}.Release|Any CPU.ActiveCfg = Release|Any CPU
		{E0426C97-0E73-48F1-BBB8-8331F04AE02A}.Release|Any CPU.Build.0 = Release|Any CPU
		{28654FF7-955B-4BB0-94CB-46608EF7D508}.Debug|Any CPU.ActiveCfg = Debug|Any CPU
		{28654FF7-955B-4BB0-94CB-46608EF7D508}.Debug|Any CPU.Build.0 = Debug|Any CPU
		{28654FF7-955B-4BB0-94CB-46608EF7D508}.Release|Any CPU.ActiveCfg = Release|Any CPU
		{28654FF7-955B-4BB0-94CB-46608EF7D508}.Release|Any CPU.Build.0 = Release|Any CPU
		{85D69D4A-B81D-466E-829D-3F18D2BA21B0}.Debug|Any CPU.ActiveCfg = Debug|Any CPU
		{85D69D4A-B81D-466E-829D-3F18D2BA21B0}.Debug|Any CPU.Build.0 = Debug|Any CPU
		{85D69D4A-B81D-466E-829D-3F18D2BA21B0}.Release|Any CPU.ActiveCfg = Release|Any CPU
		{85D69D4A-B81D-466E-829D-3F18D2BA21B0}.Release|Any CPU.Build.0 = Release|Any CPU
		{14676910-AAD4-4806-9B50-6272F159694E}.Debug|Any CPU.ActiveCfg = Debug|Any CPU
		{14676910-AAD4-4806-9B50-6272F159694E}.Debug|Any CPU.Build.0 = Debug|Any CPU
		{14676910-AAD4-4806-9B50-6272F159694E}.Release|Any CPU.ActiveCfg = Release|Any CPU
		{14676910-AAD4-4806-9B50-6272F159694E}.Release|Any CPU.Build.0 = Release|Any CPU
		{7CEC5E96-B499-4532-8BC9-BD3DFA576F99}.Debug|Any CPU.ActiveCfg = Debug|Any CPU
		{7CEC5E96-B499-4532-8BC9-BD3DFA576F99}.Debug|Any CPU.Build.0 = Debug|Any CPU
		{7CEC5E96-B499-4532-8BC9-BD3DFA576F99}.Release|Any CPU.ActiveCfg = Release|Any CPU
		{7CEC5E96-B499-4532-8BC9-BD3DFA576F99}.Release|Any CPU.Build.0 = Release|Any CPU
		{73F53048-F472-43CA-A3CB-C81EDDDB45FF}.Debug|Any CPU.ActiveCfg = Debug|Any CPU
		{73F53048-F472-43CA-A3CB-C81EDDDB45FF}.Debug|Any CPU.Build.0 = Debug|Any CPU
		{73F53048-F472-43CA-A3CB-C81EDDDB45FF}.Release|Any CPU.ActiveCfg = Release|Any CPU
		{73F53048-F472-43CA-A3CB-C81EDDDB45FF}.Release|Any CPU.Build.0 = Release|Any CPU
	EndGlobalSection
	GlobalSection(SolutionProperties) = preSolution
		HideSolutionNode = FALSE
	EndGlobalSection
	GlobalSection(NestedProjects) = preSolution
		{5FC1C941-F2D9-48A2-95A6-84BD760CBB96} = {E917B7AF-0287-4B5C-B2F0-976E56049973}
		{9820708B-E637-40D6-B4BD-0704A53A673C} = {5FC1C941-F2D9-48A2-95A6-84BD760CBB96}
		{33EE22C8-29FC-445D-9EE4-A88DAAC347C6} = {9820708B-E637-40D6-B4BD-0704A53A673C}
		{DC31A206-7799-4C93-8CEE-7796BFD8A0A3} = {9820708B-E637-40D6-B4BD-0704A53A673C}
		{25B8CE3B-C22E-48DE-BC01-78C5392AD244} = {9820708B-E637-40D6-B4BD-0704A53A673C}
		{E0426C97-0E73-48F1-BBB8-8331F04AE02A} = {9820708B-E637-40D6-B4BD-0704A53A673C}
		{36141F01-6C0B-4C39-87D5-0F0B56B52186} = {E917B7AF-0287-4B5C-B2F0-976E56049973}
		{28654FF7-955B-4BB0-94CB-46608EF7D508} = {36141F01-6C0B-4C39-87D5-0F0B56B52186}
		{85D69D4A-B81D-466E-829D-3F18D2BA21B0} = {36141F01-6C0B-4C39-87D5-0F0B56B52186}
		{14676910-AAD4-4806-9B50-6272F159694E} = {36141F01-6C0B-4C39-87D5-0F0B56B52186}
		{7CEC5E96-B499-4532-8BC9-BD3DFA576F99} = {36141F01-6C0B-4C39-87D5-0F0B56B52186}
		{C850FF89-DFB0-4345-9212-FC0C491EB16E} = {E917B7AF-0287-4B5C-B2F0-976E56049973}
		{73F53048-F472-43CA-A3CB-C81EDDDB45FF} = {C850FF89-DFB0-4345-9212-FC0C491EB16E}
	EndGlobalSection
	GlobalSection(ExtensibilityGlobals) = postSolution
		SolutionGuid = {AEE59669-5468-4CC0-BAE9-39852C588807}
	EndGlobalSection
EndGlobal
